<?xml version="1.0" encoding="utf-8"?>
<Project ToolsVersion="17.0" xmlns="http://schemas.microsoft.com/developer/msbuild/2003">
  <ItemGroup>
    <ClCompile Include="C:\Users\akral\projects\Ray_Trace_Engine\Ray_Trace_Engine\source_files\AccelerationStructures.cpp">
      <Filter>Source Files</Filter>
    </ClCompile>
    <ClCompile Include="C:\Users\akral\projects\Ray_Trace_Engine\Ray_Trace_Engine\source_files\Buffer.cpp">
      <Filter>Source Files</Filter>
    </ClCompile>
    <ClCompile Include="C:\Users\akral\projects\Ray_Trace_Engine\Ray_Trace_Engine\source_files\ComputeVertex.cpp">
      <Filter>Source Files</Filter>
    </ClCompile>
    <ClCompile Include="C:\Users\akral\projects\Ray_Trace_Engine\Ray_Trace_Engine\source_files\DefaultRenderer.cpp">
      <Filter>Source Files</Filter>
    </ClCompile>
    <ClCompile Include="C:\Users\akral\projects\Ray_Trace_Engine\Ray_Trace_Engine\source_files\Engine.cpp">
      <Filter>Source Files</Filter>
    </ClCompile>
    <ClCompile Include="C:\Users\akral\projects\Ray_Trace_Engine\Ray_Trace_Engine\source_files\Input.cpp">
      <Filter>Source Files</Filter>
    </ClCompile>
    <ClCompile Include="C:\Users\akral\projects\Ray_Trace_Engine\Ray_Trace_Engine\source_files\LoadingScreen.cpp">
      <Filter>Source Files</Filter>
    </ClCompile>
    <ClCompile Include="C:\Users\akral\projects\Ray_Trace_Engine\Ray_Trace_Engine\source_files\ObjectMouseSelect.cpp">
      <Filter>Source Files</Filter>
    </ClCompile>
    <ClCompile Include="C:\Users\akral\projects\Ray_Trace_Engine\Ray_Trace_Engine\source_files\Particle.cpp">
      <Filter>Source Files</Filter>
    </ClCompile>
    <ClCompile Include="C:\Users\akral\projects\Ray_Trace_Engine\Ray_Trace_Engine\source_files\RenderBase.cpp">
      <Filter>Source Files</Filter>
    </ClCompile>
    <ClCompile Include="C:\Users\akral\projects\Ray_Trace_Engine\Ray_Trace_Engine\source_files\Shader.cpp">
      <Filter>Source Files</Filter>
    </ClCompile>
    <ClCompile Include="C:\Users\akral\projects\Ray_Trace_Engine\Ray_Trace_Engine\source_files\ShaderBindingTable.cpp">
      <Filter>Source Files</Filter>
    </ClCompile>
    <ClCompile Include="C:\Users\akral\projects\Ray_Trace_Engine\Ray_Trace_Engine\source_files\Sphere.cpp">
      <Filter>Source Files</Filter>
    </ClCompile>
    <ClCompile Include="C:\Users\akral\projects\Ray_Trace_Engine\Ray_Trace_Engine\source_files\TextureLoader.cpp">
      <Filter>Source Files</Filter>
    </ClCompile>
    <ClCompile Include="C:\Users\akral\projects\Ray_Trace_Engine\Ray_Trace_Engine\source_files\Utilities_AS.cpp">
      <Filter>Source Files</Filter>
    </ClCompile>
    <ClCompile Include="C:\Users\akral\projects\Ray_Trace_Engine\Ray_Trace_Engine\source_files\Utilities_CreateObject.cpp">
      <Filter>Source Files</Filter>
    </ClCompile>
    <ClCompile Include="C:\Users\akral\projects\Ray_Trace_Engine\Ray_Trace_Engine\source_files\Utilities_EngCore.cpp">
      <Filter>Source Files</Filter>
    </ClCompile>
    <ClCompile Include="C:\Users\akral\projects\Ray_Trace_Engine\Ray_Trace_Engine\source_files\Utilities_EnumStringHelper.cpp">
      <Filter>Source Files</Filter>
    </ClCompile>
    <ClCompile Include="C:\Users\akral\projects\Ray_Trace_Engine\Ray_Trace_Engine\source_files\Utilities_Renderer.cpp">
      <Filter>Source Files</Filter>
    </ClCompile>
    <ClCompile Include="C:\Users\akral\projects\Ray_Trace_Engine\Ray_Trace_Engine\source_files\Utilities_UI.cpp">
      <Filter>Source Files</Filter>
    </ClCompile>
    <ClCompile Include="C:\Users\akral\projects\Ray_Trace_Engine\Ray_Trace_Engine\source_files\being\Being.cpp">
      <Filter>Being</Filter>
    </ClCompile>
    <ClCompile Include="C:\Users\akral\projects\Ray_Trace_Engine\Ray_Trace_Engine\source_files\core\Camera.cpp">
      <Filter>Source Files\Core</Filter>
    </ClCompile>
    <ClCompile Include="C:\Users\akral\projects\Ray_Trace_Engine\Ray_Trace_Engine\source_files\core\Commands.cpp">
      <Filter>Source Files\Core</Filter>
    </ClCompile>
    <ClCompile Include="C:\Users\akral\projects\Ray_Trace_Engine\Ray_Trace_Engine\source_files\core\CoreDebug.cpp">
      <Filter>Source Files\Core</Filter>
    </ClCompile>
    <ClCompile Include="C:\Users\akral\projects\Ray_Trace_Engine\Ray_Trace_Engine\source_files\core\CoreDevice.cpp">
      <Filter>Source Files\Core</Filter>
    </ClCompile>
    <ClCompile Include="C:\Users\akral\projects\Ray_Trace_Engine\Ray_Trace_Engine\source_files\core\CoreExtensions.cpp">
      <Filter>Source Files\Core</Filter>
    </ClCompile>
    <ClCompile Include="C:\Users\akral\projects\Ray_Trace_Engine\Ray_Trace_Engine\source_files\core\CoreSwapchain.cpp">
      <Filter>Source Files\Core</Filter>
    </ClCompile>
    <ClCompile Include="C:\Users\akral\projects\Ray_Trace_Engine\Ray_Trace_Engine\source_files\core\CoreUI.cpp">
      <Filter>Source Files\Core</Filter>
    </ClCompile>
    <ClCompile Include="C:\Users\akral\projects\Ray_Trace_Engine\Ray_Trace_Engine\source_files\core\CoreWindow.cpp">
      <Filter>Source Files\Core</Filter>
    </ClCompile>
    <ClCompile Include="C:\Users\akral\projects\Ray_Trace_Engine\Ray_Trace_Engine\source_files\core\EngineCore.cpp">
      <Filter>Source Files\Core</Filter>
    </ClCompile>
    <ClCompile Include="C:\Users\akral\projects\Ray_Trace_Engine\Ray_Trace_Engine\source_files\core\Save.cpp">
      <Filter>Source Files\Core</Filter>
    </ClCompile>
    <ClCompile Include="C:\Users\akral\projects\Ray_Trace_Engine\Ray_Trace_Engine\source_files\core\main.cpp">
      <Filter>Source Files\Core</Filter>
    </ClCompile>
    <ClCompile Include="C:\Users\akral\projects\Ray_Trace_Engine\Ray_Trace_Engine\source_files\glTFModel.cpp">
      <Filter>Source Files</Filter>
    </ClCompile>
    <ClCompile Include="C:\Users\akral\projects\Ray_Trace_Engine\Ray_Trace_Engine\source_files\imguiFileDialogue\ImGuiFileDialog.cpp">
      <Filter>Source Files\dearImGui\ImGuiFileDialogue</Filter>
    </ClCompile>
    <ClCompile Include="C:\Users\akral\projects\Ray_Trace_Engine\Ray_Trace_Engine\source_files\imguiZMO\imGuIZMOquat.cpp">
      <Filter>Source Files\dearImGui\ImGuiZMO</Filter>
    </ClCompile>
    <ClCompile Include="C:\Users\akral\projects\Ray_Trace_Engine\Ray_Trace_Engine\dependencies\imgui\imgui.cpp">
      <Filter>Source Files\dearImGui\ImGui</Filter>
    </ClCompile>
    <ClCompile Include="C:\Users\akral\projects\Ray_Trace_Engine\Ray_Trace_Engine\dependencies\imgui\imgui_demo.cpp">
      <Filter>Source Files\dearImGui\ImGui</Filter>
    </ClCompile>
    <ClCompile Include="C:\Users\akral\projects\Ray_Trace_Engine\Ray_Trace_Engine\dependencies\imgui\imgui_draw.cpp">
      <Filter>Source Files\dearImGui\ImGui</Filter>
    </ClCompile>
    <ClCompile Include="C:\Users\akral\projects\Ray_Trace_Engine\Ray_Trace_Engine\dependencies\imgui\imgui_impl_glfw.cpp">
      <Filter>Source Files\dearImGui\ImGui</Filter>
    </ClCompile>
    <ClCompile Include="C:\Users\akral\projects\Ray_Trace_Engine\Ray_Trace_Engine\dependencies\imgui\imgui_impl_vulkan.cpp">
      <Filter>Source Files\dearImGui\ImGui</Filter>
    </ClCompile>
    <ClCompile Include="C:\Users\akral\projects\Ray_Trace_Engine\Ray_Trace_Engine\dependencies\imgui\imgui_tables.cpp">
      <Filter>Source Files\dearImGui\ImGui</Filter>
    </ClCompile>
    <ClCompile Include="C:\Users\akral\projects\Ray_Trace_Engine\Ray_Trace_Engine\dependencies\imgui\imgui_widgets.cpp">
      <Filter>Source Files\dearImGui\ImGui</Filter>
    </ClCompile>
  </ItemGroup>
  <ItemGroup>
    <ClInclude Include="C:\Users\akral\projects\Ray_Trace_Engine\Ray_Trace_Engine\header_files\AccelerationStructures.hpp">
      <Filter>Header Files</Filter>
    </ClInclude>
    <ClInclude Include="C:\Users\akral\projects\Ray_Trace_Engine\Ray_Trace_Engine\header_files\Buffer.hpp">
      <Filter>Header Files</Filter>
    </ClInclude>
    <ClInclude Include="C:\Users\akral\projects\Ray_Trace_Engine\Ray_Trace_Engine\header_files\ComputeVertex.hpp">
      <Filter>Header Files</Filter>
    </ClInclude>
    <ClInclude Include="C:\Users\akral\projects\Ray_Trace_Engine\Ray_Trace_Engine\header_files\DefaultRenderer.hpp">
      <Filter>Header Files</Filter>
    </ClInclude>
    <ClInclude Include="C:\Users\akral\projects\Ray_Trace_Engine\Ray_Trace_Engine\header_files\Engine.hpp">
      <Filter>Header Files</Filter>
    </ClInclude>
    <ClInclude Include="C:\Users\akral\projects\Ray_Trace_Engine\Ray_Trace_Engine\header_files\Input.hpp">
      <Filter>Header Files</Filter>
    </ClInclude>
    <ClInclude Include="C:\Users\akral\projects\Ray_Trace_Engine\Ray_Trace_Engine\header_files\LoadingScreen.hpp">
      <Filter>Header Files</Filter>
    </ClInclude>
    <ClInclude Include="C:\Users\akral\projects\Ray_Trace_Engine\Ray_Trace_Engine\header_files\ObjectMouseSelect.hpp">
      <Filter>Header Files</Filter>
    </ClInclude>
    <ClInclude Include="C:\Users\akral\projects\Ray_Trace_Engine\Ray_Trace_Engine\header_files\Particle.hpp">
      <Filter>Header Files</Filter>
    </ClInclude>
    <ClInclude Include="C:\Users\akral\projects\Ray_Trace_Engine\Ray_Trace_Engine\header_files\RenderBase.hpp">
      <Filter>Header Files</Filter>
    </ClInclude>
    <ClInclude Include="C:\Users\akral\projects\Ray_Trace_Engine\Ray_Trace_Engine\header_files\Shader.hpp">
      <Filter>Header Files</Filter>
    </ClInclude>
    <ClInclude Include="C:\Users\akral\projects\Ray_Trace_Engine\Ray_Trace_Engine\header_files\ShaderBindingTable.hpp">
      <Filter>Header Files</Filter>
    </ClInclude>
    <ClInclude Include="C:\Users\akral\projects\Ray_Trace_Engine\Ray_Trace_Engine\header_files\Sphere.hpp">
      <Filter>Header Files</Filter>
    </ClInclude>
    <ClInclude Include="C:\Users\akral\projects\Ray_Trace_Engine\Ray_Trace_Engine\header_files\TextureLoader.hpp">
      <Filter>Header Files</Filter>
    </ClInclude>
    <ClInclude Include="C:\Users\akral\projects\Ray_Trace_Engine\Ray_Trace_Engine\header_files\Utilities_AS.hpp">
      <Filter>Header Files</Filter>
    </ClInclude>
    <ClInclude Include="C:\Users\akral\projects\Ray_Trace_Engine\Ray_Trace_Engine\header_files\Utilities_CreateObject.hpp">
      <Filter>Header Files</Filter>
    </ClInclude>
    <ClInclude Include="C:\Users\akral\projects\Ray_Trace_Engine\Ray_Trace_Engine\header_files\Utilities_EngCore.hpp">
      <Filter>Header Files</Filter>
    </ClInclude>
    <ClInclude Include="C:\Users\akral\projects\Ray_Trace_Engine\Ray_Trace_Engine\header_files\Utilities_EnumStringHelper.hpp">
      <Filter>Header Files</Filter>
    </ClInclude>
    <ClInclude Include="C:\Users\akral\projects\Ray_Trace_Engine\Ray_Trace_Engine\header_files\Utilities_Renderer.hpp">
      <Filter>Header Files</Filter>
    </ClInclude>
    <ClInclude Include="C:\Users\akral\projects\Ray_Trace_Engine\Ray_Trace_Engine\header_files\Utilities_UI.hpp">
      <Filter>Header Files</Filter>
    </ClInclude>
    <ClInclude Include="C:\Users\akral\projects\Ray_Trace_Engine\Ray_Trace_Engine\header_files\being\Being.hpp">
      <Filter>Being</Filter>
    </ClInclude>
    <ClInclude Include="C:\Users\akral\projects\Ray_Trace_Engine\Ray_Trace_Engine\header_files\core\Camera.hpp">
      <Filter>Header Files\Core</Filter>
    </ClInclude>
    <ClInclude Include="C:\Users\akral\projects\Ray_Trace_Engine\Ray_Trace_Engine\header_files\core\Commands.hpp">
      <Filter>Header Files\Core</Filter>
    </ClInclude>
    <ClInclude Include="C:\Users\akral\projects\Ray_Trace_Engine\Ray_Trace_Engine\header_files\core\CoreDebug.hpp">
      <Filter>Header Files\Core</Filter>
    </ClInclude>
    <ClInclude Include="C:\Users\akral\projects\Ray_Trace_Engine\Ray_Trace_Engine\header_files\core\CoreDevice.hpp">
      <Filter>Header Files\Core</Filter>
    </ClInclude>
    <ClInclude Include="C:\Users\akral\projects\Ray_Trace_Engine\Ray_Trace_Engine\header_files\core\CoreExtensions.hpp">
      <Filter>Header Files\Core</Filter>
    </ClInclude>
    <ClInclude Include="C:\Users\akral\projects\Ray_Trace_Engine\Ray_Trace_Engine\header_files\core\CoreSwapchain.hpp">
      <Filter>Header Files\Core</Filter>
    </ClInclude>
    <ClInclude Include="C:\Users\akral\projects\Ray_Trace_Engine\Ray_Trace_Engine\header_files\core\CoreUI.hpp">
      <Filter>Header Files\Core</Filter>
    </ClInclude>
    <ClInclude Include="C:\Users\akral\projects\Ray_Trace_Engine\Ray_Trace_Engine\header_files\core\CoreWindow.hpp">
      <Filter>Header Files\Core</Filter>
    </ClInclude>
    <ClInclude Include="C:\Users\akral\projects\Ray_Trace_Engine\Ray_Trace_Engine\header_files\core\EngineCore.hpp">
      <Filter>Header Files\Core</Filter>
    </ClInclude>
    <ClInclude Include="C:\Users\akral\projects\Ray_Trace_Engine\Ray_Trace_Engine\header_files\core\Save.hpp">
      <Filter>Header Files\Core</Filter>
    </ClInclude>
    <ClInclude Include="C:\Users\akral\projects\Ray_Trace_Engine\Ray_Trace_Engine\header_files\glTFModel.hpp">
      <Filter>Header Files</Filter>
    </ClInclude>
    <ClInclude Include="C:\Users\akral\projects\Ray_Trace_Engine\Ray_Trace_Engine\header_files\json_hpp\json.hpp">
      <Filter>Header Files\json header</Filter>
    </ClInclude>
    <ClInclude Include="C:\Users\akral\projects\Ray_Trace_Engine\Ray_Trace_Engine\header_files\main.hpp">
      <Filter>Header Files</Filter>
    </ClInclude>
  </ItemGroup>
  <ItemGroup>
    <CustomBuild Include="C:\Users\akral\projects\Ray_Trace_Engine\Ray_Trace_Engine\CMakeLists.txt" />
  </ItemGroup>
  <ItemGroup>
    <None Include="C:\Users\akral\projects\Ray_Trace_Engine\Ray_Trace_Engine\shaders\main_renderer_anyhit.rahit">
      <Filter>Shaders</Filter>
    </None>
    <None Include="C:\Users\akral\projects\Ray_Trace_Engine\Ray_Trace_Engine\shaders\main_renderer_bufferreferences.glsl">
      <Filter>Shaders</Filter>
    </None>
    <None Include="C:\Users\akral\projects\Ray_Trace_Engine\Ray_Trace_Engine\shaders\main_renderer_closesthit.rchit">
      <Filter>Shaders</Filter>
    </None>
    <None Include="C:\Users\akral\projects\Ray_Trace_Engine\Ray_Trace_Engine\shaders\main_renderer_compute.comp">
      <Filter>Shaders</Filter>
    </None>
    <None Include="C:\Users\akral\projects\Ray_Trace_Engine\Ray_Trace_Engine\shaders\main_renderer_geometrytypes.glsl">
      <Filter>Shaders</Filter>
    </None>
    <None Include="C:\Users\akral\projects\Ray_Trace_Engine\Ray_Trace_Engine\shaders\main_renderer_intersection.rint">
      <Filter>Shaders</Filter>
    </None>
    <None Include="C:\Users\akral\projects\Ray_Trace_Engine\Ray_Trace_Engine\shaders\main_renderer_miss.rmiss">
      <Filter>Shaders</Filter>
    </None>
    <None Include="C:\Users\akral\projects\Ray_Trace_Engine\Ray_Trace_Engine\shaders\main_renderer_random.glsl">
      <Filter>Shaders</Filter>
    </None>
    <None Include="C:\Users\akral\projects\Ray_Trace_Engine\Ray_Trace_Engine\shaders\main_renderer_raygen.rgen">
      <Filter>Shaders</Filter>
    </None>
    <None Include="C:\Users\akral\projects\Ray_Trace_Engine\Ray_Trace_Engine\shaders\main_renderer_shadow.rmiss">
      <Filter>Shaders</Filter>
    </None>
    <None Include="C:\Users\akral\projects\Ray_Trace_Engine\Ray_Trace_Engine\shaders\main_renderer_static_compute.comp">
      <Filter>Shaders</Filter>
    </None>
    <None Include="C:\Users\akral\projects\Ray_Trace_Engine\Ray_Trace_Engine\shaders\particle_compute.comp">
      <Filter>Shaders</Filter>
    </None>
    <None Include="C:\Users\akral\projects\Ray_Trace_Engine\Ray_Trace_Engine\shaders\ui_fragment.frag">
      <Filter>Shaders</Filter>
    </None>
    <None Include="C:\Users\akral\projects\Ray_Trace_Engine\Ray_Trace_Engine\shaders\ui_vertex.vert">
      <Filter>Shaders</Filter>
    </None>
    <None Include="..\..\..\vulkan_raytracing\vulkan_raytracing\shaders\gltf_reflections\gltf_reflections_bufferreferences.glsl">
      <Filter>Shaders</Filter>
    </None>
    <None Include="..\..\..\vulkan_raytracing\vulkan_raytracing\shaders\gltf_reflections\gltf_reflections_geometrytypes.glsl">
      <Filter>Shaders</Filter>
    </None>
    <None Include="..\..\..\vulkan_raytracing\vulkan_raytracing\shaders\gltf_reflections\gltf_reflections_anyhit.rahit">
      <Filter>Shaders</Filter>
    </None>
    <None Include="..\..\..\vulkan_raytracing\vulkan_raytracing\shaders\gltf_reflections\gltf_reflections_closesthit.rchit">
      <Filter>Shaders</Filter>
    </None>
    <None Include="..\..\..\vulkan_raytracing\vulkan_raytracing\shaders\gltf_reflections\gltf_reflections_miss.rmiss">
      <Filter>Shaders</Filter>
    </None>
    <None Include="..\..\..\vulkan_raytracing\vulkan_raytracing\shaders\gltf_reflections\gltf_reflections_random.glsl">
      <Filter>Shaders</Filter>
    </None>
    <None Include="..\..\..\vulkan_raytracing\vulkan_raytracing\shaders\gltf_reflections\gltf_reflections_raygen.rgen">
      <Filter>Shaders</Filter>
    </None>
    <None Include="..\..\..\vulkan_raytracing\vulkan_raytracing\shaders\gltf_reflections\gltf_reflections_shadow.rmiss">
      <Filter>Shaders</Filter>
    </None>
  </ItemGroup>
  <ItemGroup>
    <Filter Include="Being">
      <UniqueIdentifier>{CB72375A-2CB0-3B9A-B9D9-26DD2BB655C4}</UniqueIdentifier>
    </Filter>
    <Filter Include="Header Files">
      <UniqueIdentifier>{03F13054-702D-3C0A-871A-31E702C644EB}</UniqueIdentifier>
    </Filter>
    <Filter Include="Header Files\Core">
      <UniqueIdentifier>{5D2A8800-E899-338F-9429-91785E39EDB9}</UniqueIdentifier>
    </Filter>
    <Filter Include="Header Files\json header">
      <UniqueIdentifier>{9EFF0CD7-DB16-3C74-BA1D-F9F52CB0FC02}</UniqueIdentifier>
    </Filter>
    <Filter Include="Shaders">
      <UniqueIdentifier>{5F31D6E1-1FF5-381D-9824-08ED6F5F9819}</UniqueIdentifier>
    </Filter>
    <Filter Include="Source Files">
      <UniqueIdentifier>{ADE216F8-6D3D-3C34-A4A8-ABE80D6A791F}</UniqueIdentifier>
    </Filter>
    <Filter Include="Source Files\Core">
      <UniqueIdentifier>{21824485-5053-333F-8C34-D6B48CDC4CE6}</UniqueIdentifier>
    </Filter>
    <Filter Include="Source Files\dearImGui">
      <UniqueIdentifier>{BBF1F9D2-0918-3868-B946-57A8EE94DD24}</UniqueIdentifier>
    </Filter>
    <Filter Include="Source Files\dearImGui\ImGui">
      <UniqueIdentifier>{8A225CDD-C059-323A-8A4F-4CADAC29D511}</UniqueIdentifier>
    </Filter>
    <Filter Include="Source Files\dearImGui\ImGuiFileDialogue">
      <UniqueIdentifier>{B1A3DD98-D88B-3BA4-A5D9-C0A6E8E6FA04}</UniqueIdentifier>
    </Filter>
    <Filter Include="Source Files\dearImGui\ImGuiZMO">
      <UniqueIdentifier>{B80D4EC0-5BA8-392E-9012-31339C5B0653}</UniqueIdentifier>
    </Filter>
  </ItemGroup>
</Project>