<?xml version="1.0" encoding="utf-8"?>
<Project ToolsVersion="17.0" xmlns="http://schemas.microsoft.com/developer/msbuild/2003">
  <ItemGroup>
    <CustomBuild Include="C:\Users\akral\projects\Ray_Trace_Engine\Ray_Trace_Engine\CMakeFiles\7e257bb3c1514eaf5d51ec02d10c4ad6\main_renderer_anyhit.rahit.spv.rule">
      <Filter>CMake Rules</Filter>
    </CustomBuild>
    <CustomBuild Include="C:\Users\akral\projects\Ray_Trace_Engine\Ray_Trace_Engine\CMakeFiles\7e257bb3c1514eaf5d51ec02d10c4ad6\main_renderer_closesthit.rchit.spv.rule">
      <Filter>CMake Rules</Filter>
    </CustomBuild>
    <CustomBuild Include="C:\Users\akral\projects\Ray_Trace_Engine\Ray_Trace_Engine\CMakeFiles\7e257bb3c1514eaf5d51ec02d10c4ad6\main_renderer_compute.comp.spv.rule">
      <Filter>CMake Rules</Filter>
    </CustomBuild>
    <CustomBuild Include="C:\Users\akral\projects\Ray_Trace_Engine\Ray_Trace_Engine\CMakeFiles\7e257bb3c1514eaf5d51ec02d10c4ad6\main_renderer_intersection.rint.spv.rule">
      <Filter>CMake Rules</Filter>
    </CustomBuild>
    <CustomBuild Include="C:\Users\akral\projects\Ray_Trace_Engine\Ray_Trace_Engine\CMakeFiles\7e257bb3c1514eaf5d51ec02d10c4ad6\main_renderer_miss.rmiss.spv.rule">
      <Filter>CMake Rules</Filter>
    </CustomBuild>
    <CustomBuild Include="C:\Users\akral\projects\Ray_Trace_Engine\Ray_Trace_Engine\CMakeFiles\7e257bb3c1514eaf5d51ec02d10c4ad6\main_renderer_raygen.rgen.spv.rule">
      <Filter>CMake Rules</Filter>
    </CustomBuild>
    <CustomBuild Include="C:\Users\akral\projects\Ray_Trace_Engine\Ray_Trace_Engine\CMakeFiles\7e257bb3c1514eaf5d51ec02d10c4ad6\main_renderer_shadow.rmiss.spv.rule">
      <Filter>CMake Rules</Filter>
    </CustomBuild>
    <CustomBuild Include="C:\Users\akral\projects\Ray_Trace_Engine\Ray_Trace_Engine\CMakeFiles\7e257bb3c1514eaf5d51ec02d10c4ad6\ui_fragment.frag.spv.rule">
      <Filter>CMake Rules</Filter>
    </CustomBuild>
    <CustomBuild Include="C:\Users\akral\projects\Ray_Trace_Engine\Ray_Trace_Engine\CMakeFiles\7e257bb3c1514eaf5d51ec02d10c4ad6\ui_vertex.vert.spv.rule">
      <Filter>CMake Rules</Filter>
    </CustomBuild>
    <CustomBuild Include="C:\Users\akral\projects\Ray_Trace_Engine\Ray_Trace_Engine\CMakeFiles\e0e1983653925fe65148c840415a20e9\shaders.rule">
      <Filter>CMake Rules</Filter>
    </CustomBuild>
    <CustomBuild Include="C:\Users\akral\projects\Ray_Trace_Engine\Ray_Trace_Engine\CMakeLists.txt" />
  </ItemGroup>
  <ItemGroup>
    <None Include="C:\Users\akral\projects\Ray_Trace_Engine\Ray_Trace_Engine\CMakeFiles\shaders" />
  </ItemGroup>
  <ItemGroup>
    <Filter Include="CMake Rules">
      <UniqueIdentifier>{78A3EDD4-85B4-34EC-ACD0-2E18A9500ECB}</UniqueIdentifier>
    </Filter>
  </ItemGroup>
</Project>
