<?xml version="1.0" encoding="utf-8"?>
<Project ToolsVersion="17.0" xmlns="http://schemas.microsoft.com/developer/msbuild/2003">
  <ItemGroup>
    <CustomBuild Include="C:\Users\akral\projects\Ray_Trace_Engine\Ray_Trace_Engine\CMakeFiles\7e257bb3c1514eaf5d51ec02d10c4ad6\UIOverlay.frag.spv.rule">
      <Filter>CMake Rules</Filter>
    </CustomBuild>
    <CustomBuild Include="C:\Users\akral\projects\Ray_Trace_Engine\Ray_Trace_Engine\CMakeFiles\7e257bb3c1514eaf5d51ec02d10c4ad6\UIOverlay.vert.spv.rule">
      <Filter>CMake Rules</Filter>
    </CustomBuild>
    <CustomBuild Include="C:\Users\akral\projects\Ray_Trace_Engine\Ray_Trace_Engine\CMakeFiles\7e257bb3c1514eaf5d51ec02d10c4ad6\VVenkAnimationShadowMapping.frag.spv.rule">
      <Filter>CMake Rules</Filter>
    </CustomBuild>
    <CustomBuild Include="C:\Users\akral\projects\Ray_Trace_Engine\Ray_Trace_Engine\CMakeFiles\7e257bb3c1514eaf5d51ec02d10c4ad6\VVenkAnimationShadowMapping.vert.spv.rule">
      <Filter>CMake Rules</Filter>
    </CustomBuild>
    <CustomBuild Include="C:\Users\akral\projects\Ray_Trace_Engine\Ray_Trace_Engine\CMakeFiles\7e257bb3c1514eaf5d51ec02d10c4ad6\VVenkShadowMapping.frag.spv.rule">
      <Filter>CMake Rules</Filter>
    </CustomBuild>
    <CustomBuild Include="C:\Users\akral\projects\Ray_Trace_Engine\Ray_Trace_Engine\CMakeFiles\7e257bb3c1514eaf5d51ec02d10c4ad6\VVenkShadowMapping.vert.spv.rule">
      <Filter>CMake Rules</Filter>
    </CustomBuild>
    <CustomBuild Include="C:\Users\akral\projects\Ray_Trace_Engine\Ray_Trace_Engine\CMakeFiles\7e257bb3c1514eaf5d51ec02d10c4ad6\VVenkShadowMappingTanQuad.frag.spv.rule">
      <Filter>CMake Rules</Filter>
    </CustomBuild>
    <CustomBuild Include="C:\Users\akral\projects\Ray_Trace_Engine\Ray_Trace_Engine\CMakeFiles\7e257bb3c1514eaf5d51ec02d10c4ad6\VVenkShadowMappingTanQuad.vert.spv.rule">
      <Filter>CMake Rules</Filter>
    </CustomBuild>
    <CustomBuild Include="C:\Users\akral\projects\Ray_Trace_Engine\Ray_Trace_Engine\CMakeFiles\7e257bb3c1514eaf5d51ec02d10c4ad6\anyhit.rahit.spv.rule">
      <Filter>CMake Rules</Filter>
    </CustomBuild>
    <CustomBuild Include="C:\Users\akral\projects\Ray_Trace_Engine\Ray_Trace_Engine\CMakeFiles\7e257bb3c1514eaf5d51ec02d10c4ad6\build_scene_anyhit.rahit.spv.rule">
      <Filter>CMake Rules</Filter>
    </CustomBuild>
    <CustomBuild Include="C:\Users\akral\projects\Ray_Trace_Engine\Ray_Trace_Engine\CMakeFiles\7e257bb3c1514eaf5d51ec02d10c4ad6\build_scene_closesthit.rchit.spv.rule">
      <Filter>CMake Rules</Filter>
    </CustomBuild>
    <CustomBuild Include="C:\Users\akral\projects\Ray_Trace_Engine\Ray_Trace_Engine\CMakeFiles\7e257bb3c1514eaf5d51ec02d10c4ad6\build_scene_miss.rmiss.spv.rule">
      <Filter>CMake Rules</Filter>
    </CustomBuild>
    <CustomBuild Include="C:\Users\akral\projects\Ray_Trace_Engine\Ray_Trace_Engine\CMakeFiles\7e257bb3c1514eaf5d51ec02d10c4ad6\build_scene_raygen.rgen.spv.rule">
      <Filter>CMake Rules</Filter>
    </CustomBuild>
    <CustomBuild Include="C:\Users\akral\projects\Ray_Trace_Engine\Ray_Trace_Engine\CMakeFiles\7e257bb3c1514eaf5d51ec02d10c4ad6\build_scene_shadow.rmiss.spv.rule">
      <Filter>CMake Rules</Filter>
    </CustomBuild>
    <CustomBuild Include="C:\Users\akral\projects\Ray_Trace_Engine\Ray_Trace_Engine\CMakeFiles\7e257bb3c1514eaf5d51ec02d10c4ad6\closesthit.rchit.spv.rule">
      <Filter>CMake Rules</Filter>
    </CustomBuild>
    <CustomBuild Include="C:\Users\akral\projects\Ray_Trace_Engine\Ray_Trace_Engine\CMakeFiles\7e257bb3c1514eaf5d51ec02d10c4ad6\complex_scene_anyhit.rahit.spv.rule">
      <Filter>CMake Rules</Filter>
    </CustomBuild>
    <CustomBuild Include="C:\Users\akral\projects\Ray_Trace_Engine\Ray_Trace_Engine\CMakeFiles\7e257bb3c1514eaf5d51ec02d10c4ad6\complex_scene_closesthit.rchit.spv.rule">
      <Filter>CMake Rules</Filter>
    </CustomBuild>
    <CustomBuild Include="C:\Users\akral\projects\Ray_Trace_Engine\Ray_Trace_Engine\CMakeFiles\7e257bb3c1514eaf5d51ec02d10c4ad6\complex_scene_miss.rmiss.spv.rule">
      <Filter>CMake Rules</Filter>
    </CustomBuild>
    <CustomBuild Include="C:\Users\akral\projects\Ray_Trace_Engine\Ray_Trace_Engine\CMakeFiles\7e257bb3c1514eaf5d51ec02d10c4ad6\complex_scene_raygen.rgen.spv.rule">
      <Filter>CMake Rules</Filter>
    </CustomBuild>
    <CustomBuild Include="C:\Users\akral\projects\Ray_Trace_Engine\Ray_Trace_Engine\CMakeFiles\7e257bb3c1514eaf5d51ec02d10c4ad6\complex_scene_shadow.rmiss.spv.rule">
      <Filter>CMake Rules</Filter>
    </CustomBuild>
    <CustomBuild Include="C:\Users\akral\projects\Ray_Trace_Engine\Ray_Trace_Engine\CMakeFiles\7e257bb3c1514eaf5d51ec02d10c4ad6\composition.frag.spv.rule">
      <Filter>CMake Rules</Filter>
    </CustomBuild>
    <CustomBuild Include="C:\Users\akral\projects\Ray_Trace_Engine\Ray_Trace_Engine\CMakeFiles\7e257bb3c1514eaf5d51ec02d10c4ad6\composition.vert.spv.rule">
      <Filter>CMake Rules</Filter>
    </CustomBuild>
    <CustomBuild Include="C:\Users\akral\projects\Ray_Trace_Engine\Ray_Trace_Engine\CMakeFiles\7e257bb3c1514eaf5d51ec02d10c4ad6\computeAnimation.frag.spv.rule">
      <Filter>CMake Rules</Filter>
    </CustomBuild>
    <CustomBuild Include="C:\Users\akral\projects\Ray_Trace_Engine\Ray_Trace_Engine\CMakeFiles\7e257bb3c1514eaf5d51ec02d10c4ad6\computeAnimation.vert.spv.rule">
      <Filter>CMake Rules</Filter>
    </CustomBuild>
    <CustomBuild Include="C:\Users\akral\projects\Ray_Trace_Engine\Ray_Trace_Engine\CMakeFiles\7e257bb3c1514eaf5d51ec02d10c4ad6\computeAnimationRead.frag.spv.rule">
      <Filter>CMake Rules</Filter>
    </CustomBuild>
    <CustomBuild Include="C:\Users\akral\projects\Ray_Trace_Engine\Ray_Trace_Engine\CMakeFiles\7e257bb3c1514eaf5d51ec02d10c4ad6\computeAnimationRead.vert.spv.rule">
      <Filter>CMake Rules</Filter>
    </CustomBuild>
    <CustomBuild Include="C:\Users\akral\projects\Ray_Trace_Engine\Ray_Trace_Engine\CMakeFiles\7e257bb3c1514eaf5d51ec02d10c4ad6\computeAnimationShader.comp.spv.rule">
      <Filter>CMake Rules</Filter>
    </CustomBuild>
    <CustomBuild Include="C:\Users\akral\projects\Ray_Trace_Engine\Ray_Trace_Engine\CMakeFiles\7e257bb3c1514eaf5d51ec02d10c4ad6\computeShader.comp.spv.rule">
      <Filter>CMake Rules</Filter>
    </CustomBuild>
    <CustomBuild Include="C:\Users\akral\projects\Ray_Trace_Engine\Ray_Trace_Engine\CMakeFiles\7e257bb3c1514eaf5d51ec02d10c4ad6\downsample.frag.spv.rule">
      <Filter>CMake Rules</Filter>
    </CustomBuild>
    <CustomBuild Include="C:\Users\akral\projects\Ray_Trace_Engine\Ray_Trace_Engine\CMakeFiles\7e257bb3c1514eaf5d51ec02d10c4ad6\downsample.vert.spv.rule">
      <Filter>CMake Rules</Filter>
    </CustomBuild>
    <CustomBuild Include="C:\Users\akral\projects\Ray_Trace_Engine\Ray_Trace_Engine\CMakeFiles\7e257bb3c1514eaf5d51ec02d10c4ad6\downsampleSubpass1.frag.spv.rule">
      <Filter>CMake Rules</Filter>
    </CustomBuild>
    <CustomBuild Include="C:\Users\akral\projects\Ray_Trace_Engine\Ray_Trace_Engine\CMakeFiles\7e257bb3c1514eaf5d51ec02d10c4ad6\downsampleSubpass2.frag.spv.rule">
      <Filter>CMake Rules</Filter>
    </CustomBuild>
    <CustomBuild Include="C:\Users\akral\projects\Ray_Trace_Engine\Ray_Trace_Engine\CMakeFiles\7e257bb3c1514eaf5d51ec02d10c4ad6\downsampleSubpass3.frag.spv.rule">
      <Filter>CMake Rules</Filter>
    </CustomBuild>
    <CustomBuild Include="C:\Users\akral\projects\Ray_Trace_Engine\Ray_Trace_Engine\CMakeFiles\7e257bb3c1514eaf5d51ec02d10c4ad6\downsampleSubpass4.frag.spv.rule">
      <Filter>CMake Rules</Filter>
    </CustomBuild>
    <CustomBuild Include="C:\Users\akral\projects\Ray_Trace_Engine\Ray_Trace_Engine\CMakeFiles\7e257bb3c1514eaf5d51ec02d10c4ad6\downscale.vert.spv.rule">
      <Filter>CMake Rules</Filter>
    </CustomBuild>
    <CustomBuild Include="C:\Users\akral\projects\Ray_Trace_Engine\Ray_Trace_Engine\CMakeFiles\7e257bb3c1514eaf5d51ec02d10c4ad6\finalBloom.frag.spv.rule">
      <Filter>CMake Rules</Filter>
    </CustomBuild>
    <CustomBuild Include="C:\Users\akral\projects\Ray_Trace_Engine\Ray_Trace_Engine\CMakeFiles\7e257bb3c1514eaf5d51ec02d10c4ad6\finalBloom.vert.spv.rule">
      <Filter>CMake Rules</Filter>
    </CustomBuild>
    <CustomBuild Include="C:\Users\akral\projects\Ray_Trace_Engine\Ray_Trace_Engine\CMakeFiles\7e257bb3c1514eaf5d51ec02d10c4ad6\geometryLighting.frag.spv.rule">
      <Filter>CMake Rules</Filter>
    </CustomBuild>
    <CustomBuild Include="C:\Users\akral\projects\Ray_Trace_Engine\Ray_Trace_Engine\CMakeFiles\7e257bb3c1514eaf5d51ec02d10c4ad6\geometryLighting.vert.spv.rule">
      <Filter>CMake Rules</Filter>
    </CustomBuild>
    <CustomBuild Include="C:\Users\akral\projects\Ray_Trace_Engine\Ray_Trace_Engine\CMakeFiles\7e257bb3c1514eaf5d51ec02d10c4ad6\gltfAnim2_anyhit.rahit.spv.rule">
      <Filter>CMake Rules</Filter>
    </CustomBuild>
    <CustomBuild Include="C:\Users\akral\projects\Ray_Trace_Engine\Ray_Trace_Engine\CMakeFiles\7e257bb3c1514eaf5d51ec02d10c4ad6\gltfAnim2_closesthit.rchit.spv.rule">
      <Filter>CMake Rules</Filter>
    </CustomBuild>
    <CustomBuild Include="C:\Users\akral\projects\Ray_Trace_Engine\Ray_Trace_Engine\CMakeFiles\7e257bb3c1514eaf5d51ec02d10c4ad6\gltfAnim2_miss.rmiss.spv.rule">
      <Filter>CMake Rules</Filter>
    </CustomBuild>
    <CustomBuild Include="C:\Users\akral\projects\Ray_Trace_Engine\Ray_Trace_Engine\CMakeFiles\7e257bb3c1514eaf5d51ec02d10c4ad6\gltfAnim2_raygen.rgen.spv.rule">
      <Filter>CMake Rules</Filter>
    </CustomBuild>
    <CustomBuild Include="C:\Users\akral\projects\Ray_Trace_Engine\Ray_Trace_Engine\CMakeFiles\7e257bb3c1514eaf5d51ec02d10c4ad6\gltfAnim2_shadow.rmiss.spv.rule">
      <Filter>CMake Rules</Filter>
    </CustomBuild>
    <CustomBuild Include="C:\Users\akral\projects\Ray_Trace_Engine\Ray_Trace_Engine\CMakeFiles\7e257bb3c1514eaf5d51ec02d10c4ad6\gltfAnim_anyhit.rahit.spv.rule">
      <Filter>CMake Rules</Filter>
    </CustomBuild>
    <CustomBuild Include="C:\Users\akral\projects\Ray_Trace_Engine\Ray_Trace_Engine\CMakeFiles\7e257bb3c1514eaf5d51ec02d10c4ad6\gltfAnim_closesthit.rchit.spv.rule">
      <Filter>CMake Rules</Filter>
    </CustomBuild>
    <CustomBuild Include="C:\Users\akral\projects\Ray_Trace_Engine\Ray_Trace_Engine\CMakeFiles\7e257bb3c1514eaf5d51ec02d10c4ad6\gltfAnim_miss.rmiss.spv.rule">
      <Filter>CMake Rules</Filter>
    </CustomBuild>
    <CustomBuild Include="C:\Users\akral\projects\Ray_Trace_Engine\Ray_Trace_Engine\CMakeFiles\7e257bb3c1514eaf5d51ec02d10c4ad6\gltfAnim_raygen.rgen.spv.rule">
      <Filter>CMake Rules</Filter>
    </CustomBuild>
    <CustomBuild Include="C:\Users\akral\projects\Ray_Trace_Engine\Ray_Trace_Engine\CMakeFiles\7e257bb3c1514eaf5d51ec02d10c4ad6\gltfAnim_shadow.rmiss.spv.rule">
      <Filter>CMake Rules</Filter>
    </CustomBuild>
    <CustomBuild Include="C:\Users\akral\projects\Ray_Trace_Engine\Ray_Trace_Engine\CMakeFiles\7e257bb3c1514eaf5d51ec02d10c4ad6\gltf_compute.comp.spv.rule">
      <Filter>CMake Rules</Filter>
    </CustomBuild>
    <CustomBuild Include="C:\Users\akral\projects\Ray_Trace_Engine\Ray_Trace_Engine\CMakeFiles\7e257bb3c1514eaf5d51ec02d10c4ad6\gltf_reflections_anyhit.rahit.spv.rule">
      <Filter>CMake Rules</Filter>
    </CustomBuild>
    <CustomBuild Include="C:\Users\akral\projects\Ray_Trace_Engine\Ray_Trace_Engine\CMakeFiles\7e257bb3c1514eaf5d51ec02d10c4ad6\gltf_reflections_closesthit.rchit.spv.rule">
      <Filter>CMake Rules</Filter>
    </CustomBuild>
    <CustomBuild Include="C:\Users\akral\projects\Ray_Trace_Engine\Ray_Trace_Engine\CMakeFiles\7e257bb3c1514eaf5d51ec02d10c4ad6\gltf_reflections_miss.rmiss.spv.rule">
      <Filter>CMake Rules</Filter>
    </CustomBuild>
    <CustomBuild Include="C:\Users\akral\projects\Ray_Trace_Engine\Ray_Trace_Engine\CMakeFiles\7e257bb3c1514eaf5d51ec02d10c4ad6\gltf_reflections_raygen.rgen.spv.rule">
      <Filter>CMake Rules</Filter>
    </CustomBuild>
    <CustomBuild Include="C:\Users\akral\projects\Ray_Trace_Engine\Ray_Trace_Engine\CMakeFiles\7e257bb3c1514eaf5d51ec02d10c4ad6\gltf_reflections_shadow.rmiss.spv.rule">
      <Filter>CMake Rules</Filter>
    </CustomBuild>
    <CustomBuild Include="C:\Users\akral\projects\Ray_Trace_Engine\Ray_Trace_Engine\CMakeFiles\7e257bb3c1514eaf5d51ec02d10c4ad6\gltf_viewer_anyhit.rahit.spv.rule">
      <Filter>CMake Rules</Filter>
    </CustomBuild>
    <CustomBuild Include="C:\Users\akral\projects\Ray_Trace_Engine\Ray_Trace_Engine\CMakeFiles\7e257bb3c1514eaf5d51ec02d10c4ad6\gltf_viewer_closesthit.rchit.spv.rule">
      <Filter>CMake Rules</Filter>
    </CustomBuild>
    <CustomBuild Include="C:\Users\akral\projects\Ray_Trace_Engine\Ray_Trace_Engine\CMakeFiles\7e257bb3c1514eaf5d51ec02d10c4ad6\gltf_viewer_compute.comp.spv.rule">
      <Filter>CMake Rules</Filter>
    </CustomBuild>
    <CustomBuild Include="C:\Users\akral\projects\Ray_Trace_Engine\Ray_Trace_Engine\CMakeFiles\7e257bb3c1514eaf5d51ec02d10c4ad6\gltf_viewer_miss.rmiss.spv.rule">
      <Filter>CMake Rules</Filter>
    </CustomBuild>
    <CustomBuild Include="C:\Users\akral\projects\Ray_Trace_Engine\Ray_Trace_Engine\CMakeFiles\7e257bb3c1514eaf5d51ec02d10c4ad6\gltf_viewer_raygen.rgen.spv.rule">
      <Filter>CMake Rules</Filter>
    </CustomBuild>
    <CustomBuild Include="C:\Users\akral\projects\Ray_Trace_Engine\Ray_Trace_Engine\CMakeFiles\7e257bb3c1514eaf5d51ec02d10c4ad6\gltf_viewer_shadow.rmiss.spv.rule">
      <Filter>CMake Rules</Filter>
    </CustomBuild>
    <CustomBuild Include="C:\Users\akral\projects\Ray_Trace_Engine\Ray_Trace_Engine\CMakeFiles\7e257bb3c1514eaf5d51ec02d10c4ad6\guiPipeline.frag.spv.rule">
      <Filter>CMake Rules</Filter>
    </CustomBuild>
    <CustomBuild Include="C:\Users\akral\projects\Ray_Trace_Engine\Ray_Trace_Engine\CMakeFiles\7e257bb3c1514eaf5d51ec02d10c4ad6\guiPipeline.vert.spv.rule">
      <Filter>CMake Rules</Filter>
    </CustomBuild>
    <CustomBuild Include="C:\Users\akral\projects\Ray_Trace_Engine\Ray_Trace_Engine\CMakeFiles\7e257bb3c1514eaf5d51ec02d10c4ad6\hdrPass.frag.spv.rule">
      <Filter>CMake Rules</Filter>
    </CustomBuild>
    <CustomBuild Include="C:\Users\akral\projects\Ray_Trace_Engine\Ray_Trace_Engine\CMakeFiles\7e257bb3c1514eaf5d51ec02d10c4ad6\hdrPass.vert.spv.rule">
      <Filter>CMake Rules</Filter>
    </CustomBuild>
    <CustomBuild Include="C:\Users\akral\projects\Ray_Trace_Engine\Ray_Trace_Engine\CMakeFiles\7e257bb3c1514eaf5d51ec02d10c4ad6\hdrSceneColor.frag.spv.rule">
      <Filter>CMake Rules</Filter>
    </CustomBuild>
    <CustomBuild Include="C:\Users\akral\projects\Ray_Trace_Engine\Ray_Trace_Engine\CMakeFiles\7e257bb3c1514eaf5d51ec02d10c4ad6\hdrSceneColor.vert.spv.rule">
      <Filter>CMake Rules</Filter>
    </CustomBuild>
    <CustomBuild Include="C:\Users\akral\projects\Ray_Trace_Engine\Ray_Trace_Engine\CMakeFiles\7e257bb3c1514eaf5d51ec02d10c4ad6\inputAttachmentReadPipeline.frag.spv.rule">
      <Filter>CMake Rules</Filter>
    </CustomBuild>
    <CustomBuild Include="C:\Users\akral\projects\Ray_Trace_Engine\Ray_Trace_Engine\CMakeFiles\7e257bb3c1514eaf5d51ec02d10c4ad6\inputAttachmentReadPipeline.vert.spv.rule">
      <Filter>CMake Rules</Filter>
    </CustomBuild>
    <CustomBuild Include="C:\Users\akral\projects\Ray_Trace_Engine\Ray_Trace_Engine\CMakeFiles\7e257bb3c1514eaf5d51ec02d10c4ad6\inputAttachmentWritePipeline.frag.spv.rule">
      <Filter>CMake Rules</Filter>
    </CustomBuild>
    <CustomBuild Include="C:\Users\akral\projects\Ray_Trace_Engine\Ray_Trace_Engine\CMakeFiles\7e257bb3c1514eaf5d51ec02d10c4ad6\inputAttachmentWritePipeline.vert.spv.rule">
      <Filter>CMake Rules</Filter>
    </CustomBuild>
    <CustomBuild Include="C:\Users\akral\projects\Ray_Trace_Engine\Ray_Trace_Engine\CMakeFiles\7e257bb3c1514eaf5d51ec02d10c4ad6\inputParallaxAttachmentWritePipeline.frag.spv.rule">
      <Filter>CMake Rules</Filter>
    </CustomBuild>
    <CustomBuild Include="C:\Users\akral\projects\Ray_Trace_Engine\Ray_Trace_Engine\CMakeFiles\7e257bb3c1514eaf5d51ec02d10c4ad6\inputParallaxAttachmentWritePipeline.vert.spv.rule">
      <Filter>CMake Rules</Filter>
    </CustomBuild>
    <CustomBuild Include="C:\Users\akral\projects\Ray_Trace_Engine\Ray_Trace_Engine\CMakeFiles\7e257bb3c1514eaf5d51ec02d10c4ad6\lightingSkeletalAnimation.frag.spv.rule">
      <Filter>CMake Rules</Filter>
    </CustomBuild>
    <CustomBuild Include="C:\Users\akral\projects\Ray_Trace_Engine\Ray_Trace_Engine\CMakeFiles\7e257bb3c1514eaf5d51ec02d10c4ad6\lightingSkeletalAnimation.vert.spv.rule">
      <Filter>CMake Rules</Filter>
    </CustomBuild>
    <CustomBuild Include="C:\Users\akral\projects\Ray_Trace_Engine\Ray_Trace_Engine\CMakeFiles\7e257bb3c1514eaf5d51ec02d10c4ad6\lightingTanQuad.frag.spv.rule">
      <Filter>CMake Rules</Filter>
    </CustomBuild>
    <CustomBuild Include="C:\Users\akral\projects\Ray_Trace_Engine\Ray_Trace_Engine\CMakeFiles\7e257bb3c1514eaf5d51ec02d10c4ad6\lightingTanQuad.vert.spv.rule">
      <Filter>CMake Rules</Filter>
    </CustomBuild>
    <CustomBuild Include="C:\Users\akral\projects\Ray_Trace_Engine\Ray_Trace_Engine\CMakeFiles\7e257bb3c1514eaf5d51ec02d10c4ad6\math_compute.comp.spv.rule">
      <Filter>CMake Rules</Filter>
    </CustomBuild>
    <CustomBuild Include="C:\Users\akral\projects\Ray_Trace_Engine\Ray_Trace_Engine\CMakeFiles\7e257bb3c1514eaf5d51ec02d10c4ad6\mipDebugPipeline.frag.spv.rule">
      <Filter>CMake Rules</Filter>
    </CustomBuild>
    <CustomBuild Include="C:\Users\akral\projects\Ray_Trace_Engine\Ray_Trace_Engine\CMakeFiles\7e257bb3c1514eaf5d51ec02d10c4ad6\mipDebugPipeline.vert.spv.rule">
      <Filter>CMake Rules</Filter>
    </CustomBuild>
    <CustomBuild Include="C:\Users\akral\projects\Ray_Trace_Engine\Ray_Trace_Engine\CMakeFiles\7e257bb3c1514eaf5d51ec02d10c4ad6\miss.rmiss.spv.rule">
      <Filter>CMake Rules</Filter>
    </CustomBuild>
    <CustomBuild Include="C:\Users\akral\projects\Ray_Trace_Engine\Ray_Trace_Engine\CMakeFiles\7e257bb3c1514eaf5d51ec02d10c4ad6\modelShader.frag.spv.rule">
      <Filter>CMake Rules</Filter>
    </CustomBuild>
    <CustomBuild Include="C:\Users\akral\projects\Ray_Trace_Engine\Ray_Trace_Engine\CMakeFiles\7e257bb3c1514eaf5d51ec02d10c4ad6\modelShader.vert.spv.rule">
      <Filter>CMake Rules</Filter>
    </CustomBuild>
    <CustomBuild Include="C:\Users\akral\projects\Ray_Trace_Engine\Ray_Trace_Engine\CMakeFiles\7e257bb3c1514eaf5d51ec02d10c4ad6\multi_blas_anyhit.rahit.spv.rule">
      <Filter>CMake Rules</Filter>
    </CustomBuild>
    <CustomBuild Include="C:\Users\akral\projects\Ray_Trace_Engine\Ray_Trace_Engine\CMakeFiles\7e257bb3c1514eaf5d51ec02d10c4ad6\multi_blas_closesthit.rchit.spv.rule">
      <Filter>CMake Rules</Filter>
    </CustomBuild>
    <CustomBuild Include="C:\Users\akral\projects\Ray_Trace_Engine\Ray_Trace_Engine\CMakeFiles\7e257bb3c1514eaf5d51ec02d10c4ad6\multi_blas_miss.rmiss.spv.rule">
      <Filter>CMake Rules</Filter>
    </CustomBuild>
    <CustomBuild Include="C:\Users\akral\projects\Ray_Trace_Engine\Ray_Trace_Engine\CMakeFiles\7e257bb3c1514eaf5d51ec02d10c4ad6\multi_blas_raygen.rgen.spv.rule">
      <Filter>CMake Rules</Filter>
    </CustomBuild>
    <CustomBuild Include="C:\Users\akral\projects\Ray_Trace_Engine\Ray_Trace_Engine\CMakeFiles\7e257bb3c1514eaf5d51ec02d10c4ad6\multi_blas_shadow.rmiss.spv.rule">
      <Filter>CMake Rules</Filter>
    </CustomBuild>
    <CustomBuild Include="C:\Users\akral\projects\Ray_Trace_Engine\Ray_Trace_Engine\CMakeFiles\7e257bb3c1514eaf5d51ec02d10c4ad6\multi_model_anyhit.rahit.spv.rule">
      <Filter>CMake Rules</Filter>
    </CustomBuild>
    <CustomBuild Include="C:\Users\akral\projects\Ray_Trace_Engine\Ray_Trace_Engine\CMakeFiles\7e257bb3c1514eaf5d51ec02d10c4ad6\multi_model_closesthit.rchit.spv.rule">
      <Filter>CMake Rules</Filter>
    </CustomBuild>
    <CustomBuild Include="C:\Users\akral\projects\Ray_Trace_Engine\Ray_Trace_Engine\CMakeFiles\7e257bb3c1514eaf5d51ec02d10c4ad6\multi_model_miss.rmiss.spv.rule">
      <Filter>CMake Rules</Filter>
    </CustomBuild>
    <CustomBuild Include="C:\Users\akral\projects\Ray_Trace_Engine\Ray_Trace_Engine\CMakeFiles\7e257bb3c1514eaf5d51ec02d10c4ad6\multi_model_raygen.rgen.spv.rule">
      <Filter>CMake Rules</Filter>
    </CustomBuild>
    <CustomBuild Include="C:\Users\akral\projects\Ray_Trace_Engine\Ray_Trace_Engine\CMakeFiles\7e257bb3c1514eaf5d51ec02d10c4ad6\multi_model_shadow.rmiss.spv.rule">
      <Filter>CMake Rules</Filter>
    </CustomBuild>
    <CustomBuild Include="C:\Users\akral\projects\Ray_Trace_Engine\Ray_Trace_Engine\CMakeFiles\7e257bb3c1514eaf5d51ec02d10c4ad6\particlePipeline.frag.spv.rule">
      <Filter>CMake Rules</Filter>
    </CustomBuild>
    <CustomBuild Include="C:\Users\akral\projects\Ray_Trace_Engine\Ray_Trace_Engine\CMakeFiles\7e257bb3c1514eaf5d51ec02d10c4ad6\particlePipeline.vert.spv.rule">
      <Filter>CMake Rules</Filter>
    </CustomBuild>
    <CustomBuild Include="C:\Users\akral\projects\Ray_Trace_Engine\Ray_Trace_Engine\CMakeFiles\7e257bb3c1514eaf5d51ec02d10c4ad6\particleRead.frag.spv.rule">
      <Filter>CMake Rules</Filter>
    </CustomBuild>
    <CustomBuild Include="C:\Users\akral\projects\Ray_Trace_Engine\Ray_Trace_Engine\CMakeFiles\7e257bb3c1514eaf5d51ec02d10c4ad6\particleRead.vert.spv.rule">
      <Filter>CMake Rules</Filter>
    </CustomBuild>
    <CustomBuild Include="C:\Users\akral\projects\Ray_Trace_Engine\Ray_Trace_Engine\CMakeFiles\7e257bb3c1514eaf5d51ec02d10c4ad6\particleShader.frag.spv.rule">
      <Filter>CMake Rules</Filter>
    </CustomBuild>
    <CustomBuild Include="C:\Users\akral\projects\Ray_Trace_Engine\Ray_Trace_Engine\CMakeFiles\7e257bb3c1514eaf5d51ec02d10c4ad6\particleShader.vert.spv.rule">
      <Filter>CMake Rules</Filter>
    </CustomBuild>
    <CustomBuild Include="C:\Users\akral\projects\Ray_Trace_Engine\Ray_Trace_Engine\CMakeFiles\7e257bb3c1514eaf5d51ec02d10c4ad6\presentationShader.frag.spv.rule">
      <Filter>CMake Rules</Filter>
    </CustomBuild>
    <CustomBuild Include="C:\Users\akral\projects\Ray_Trace_Engine\Ray_Trace_Engine\CMakeFiles\7e257bb3c1514eaf5d51ec02d10c4ad6\presentationShader.vert.spv.rule">
      <Filter>CMake Rules</Filter>
    </CustomBuild>
    <CustomBuild Include="C:\Users\akral\projects\Ray_Trace_Engine\Ray_Trace_Engine\CMakeFiles\7e257bb3c1514eaf5d51ec02d10c4ad6\primitivesLighting.frag.spv.rule">
      <Filter>CMake Rules</Filter>
    </CustomBuild>
    <CustomBuild Include="C:\Users\akral\projects\Ray_Trace_Engine\Ray_Trace_Engine\CMakeFiles\7e257bb3c1514eaf5d51ec02d10c4ad6\primitivesLighting.vert.spv.rule">
      <Filter>CMake Rules</Filter>
    </CustomBuild>
    <CustomBuild Include="C:\Users\akral\projects\Ray_Trace_Engine\Ray_Trace_Engine\CMakeFiles\7e257bb3c1514eaf5d51ec02d10c4ad6\raygen.rgen.spv.rule">
      <Filter>CMake Rules</Filter>
    </CustomBuild>
    <CustomBuild Include="C:\Users\akral\projects\Ray_Trace_Engine\Ray_Trace_Engine\CMakeFiles\7e257bb3c1514eaf5d51ec02d10c4ad6\reflections_closesthit.rchit.spv.rule">
      <Filter>CMake Rules</Filter>
    </CustomBuild>
    <CustomBuild Include="C:\Users\akral\projects\Ray_Trace_Engine\Ray_Trace_Engine\CMakeFiles\7e257bb3c1514eaf5d51ec02d10c4ad6\reflections_miss.rmiss.spv.rule">
      <Filter>CMake Rules</Filter>
    </CustomBuild>
    <CustomBuild Include="C:\Users\akral\projects\Ray_Trace_Engine\Ray_Trace_Engine\CMakeFiles\7e257bb3c1514eaf5d51ec02d10c4ad6\reflections_raygen.rgen.spv.rule">
      <Filter>CMake Rules</Filter>
    </CustomBuild>
    <CustomBuild Include="C:\Users\akral\projects\Ray_Trace_Engine\Ray_Trace_Engine\CMakeFiles\7e257bb3c1514eaf5d51ec02d10c4ad6\rtshad_closesthit.rchit.spv.rule">
      <Filter>CMake Rules</Filter>
    </CustomBuild>
    <CustomBuild Include="C:\Users\akral\projects\Ray_Trace_Engine\Ray_Trace_Engine\CMakeFiles\7e257bb3c1514eaf5d51ec02d10c4ad6\rtshad_miss.rmiss.spv.rule">
      <Filter>CMake Rules</Filter>
    </CustomBuild>
    <CustomBuild Include="C:\Users\akral\projects\Ray_Trace_Engine\Ray_Trace_Engine\CMakeFiles\7e257bb3c1514eaf5d51ec02d10c4ad6\rtshad_raygen.rgen.spv.rule">
      <Filter>CMake Rules</Filter>
    </CustomBuild>
    <CustomBuild Include="C:\Users\akral\projects\Ray_Trace_Engine\Ray_Trace_Engine\CMakeFiles\7e257bb3c1514eaf5d51ec02d10c4ad6\rtshad_shadow.rmiss.spv.rule">
      <Filter>CMake Rules</Filter>
    </CustomBuild>
    <CustomBuild Include="C:\Users\akral\projects\Ray_Trace_Engine\Ray_Trace_Engine\CMakeFiles\7e257bb3c1514eaf5d51ec02d10c4ad6\shadowAnimationPipeline.frag.spv.rule">
      <Filter>CMake Rules</Filter>
    </CustomBuild>
    <CustomBuild Include="C:\Users\akral\projects\Ray_Trace_Engine\Ray_Trace_Engine\CMakeFiles\7e257bb3c1514eaf5d51ec02d10c4ad6\shadowAnimationPipeline.vert.spv.rule">
      <Filter>CMake Rules</Filter>
    </CustomBuild>
    <CustomBuild Include="C:\Users\akral\projects\Ray_Trace_Engine\Ray_Trace_Engine\CMakeFiles\7e257bb3c1514eaf5d51ec02d10c4ad6\shadowDebug.frag.spv.rule">
      <Filter>CMake Rules</Filter>
    </CustomBuild>
    <CustomBuild Include="C:\Users\akral\projects\Ray_Trace_Engine\Ray_Trace_Engine\CMakeFiles\7e257bb3c1514eaf5d51ec02d10c4ad6\shadowDebug.vert.spv.rule">
      <Filter>CMake Rules</Filter>
    </CustomBuild>
    <CustomBuild Include="C:\Users\akral\projects\Ray_Trace_Engine\Ray_Trace_Engine\CMakeFiles\7e257bb3c1514eaf5d51ec02d10c4ad6\shadowMapping.frag.spv.rule">
      <Filter>CMake Rules</Filter>
    </CustomBuild>
    <CustomBuild Include="C:\Users\akral\projects\Ray_Trace_Engine\Ray_Trace_Engine\CMakeFiles\7e257bb3c1514eaf5d51ec02d10c4ad6\shadowMapping.vert.spv.rule">
      <Filter>CMake Rules</Filter>
    </CustomBuild>
    <CustomBuild Include="C:\Users\akral\projects\Ray_Trace_Engine\Ray_Trace_Engine\CMakeFiles\7e257bb3c1514eaf5d51ec02d10c4ad6\shadowMappingAnimation.frag.spv.rule">
      <Filter>CMake Rules</Filter>
    </CustomBuild>
    <CustomBuild Include="C:\Users\akral\projects\Ray_Trace_Engine\Ray_Trace_Engine\CMakeFiles\7e257bb3c1514eaf5d51ec02d10c4ad6\shadowMappingAnimation.vert.spv.rule">
      <Filter>CMake Rules</Filter>
    </CustomBuild>
    <CustomBuild Include="C:\Users\akral\projects\Ray_Trace_Engine\Ray_Trace_Engine\CMakeFiles\7e257bb3c1514eaf5d51ec02d10c4ad6\shadowReadPipeline.frag.spv.rule">
      <Filter>CMake Rules</Filter>
    </CustomBuild>
    <CustomBuild Include="C:\Users\akral\projects\Ray_Trace_Engine\Ray_Trace_Engine\CMakeFiles\7e257bb3c1514eaf5d51ec02d10c4ad6\shadowReadPipeline.vert.spv.rule">
      <Filter>CMake Rules</Filter>
    </CustomBuild>
    <CustomBuild Include="C:\Users\akral\projects\Ray_Trace_Engine\Ray_Trace_Engine\CMakeFiles\7e257bb3c1514eaf5d51ec02d10c4ad6\shadowWritePipeline.frag.spv.rule">
      <Filter>CMake Rules</Filter>
    </CustomBuild>
    <CustomBuild Include="C:\Users\akral\projects\Ray_Trace_Engine\Ray_Trace_Engine\CMakeFiles\7e257bb3c1514eaf5d51ec02d10c4ad6\shadowWritePipeline.vert.spv.rule">
      <Filter>CMake Rules</Filter>
    </CustomBuild>
    <CustomBuild Include="C:\Users\akral\projects\Ray_Trace_Engine\Ray_Trace_Engine\CMakeFiles\7e257bb3c1514eaf5d51ec02d10c4ad6\skeletalAnimation.frag.spv.rule">
      <Filter>CMake Rules</Filter>
    </CustomBuild>
    <CustomBuild Include="C:\Users\akral\projects\Ray_Trace_Engine\Ray_Trace_Engine\CMakeFiles\7e257bb3c1514eaf5d51ec02d10c4ad6\skeletalAnimation.vert.spv.rule">
      <Filter>CMake Rules</Filter>
    </CustomBuild>
    <CustomBuild Include="C:\Users\akral\projects\Ray_Trace_Engine\Ray_Trace_Engine\CMakeFiles\7e257bb3c1514eaf5d51ec02d10c4ad6\ssao.frag.spv.rule">
      <Filter>CMake Rules</Filter>
    </CustomBuild>
    <CustomBuild Include="C:\Users\akral\projects\Ray_Trace_Engine\Ray_Trace_Engine\CMakeFiles\7e257bb3c1514eaf5d51ec02d10c4ad6\ssao.vert.spv.rule">
      <Filter>CMake Rules</Filter>
    </CustomBuild>
    <CustomBuild Include="C:\Users\akral\projects\Ray_Trace_Engine\Ray_Trace_Engine\CMakeFiles\7e257bb3c1514eaf5d51ec02d10c4ad6\ssaoAnimationGeometry.frag.spv.rule">
      <Filter>CMake Rules</Filter>
    </CustomBuild>
    <CustomBuild Include="C:\Users\akral\projects\Ray_Trace_Engine\Ray_Trace_Engine\CMakeFiles\7e257bb3c1514eaf5d51ec02d10c4ad6\ssaoAnimationGeometry.vert.spv.rule">
      <Filter>CMake Rules</Filter>
    </CustomBuild>
    <CustomBuild Include="C:\Users\akral\projects\Ray_Trace_Engine\Ray_Trace_Engine\CMakeFiles\7e257bb3c1514eaf5d51ec02d10c4ad6\ssaoBlur.frag.spv.rule">
      <Filter>CMake Rules</Filter>
    </CustomBuild>
    <CustomBuild Include="C:\Users\akral\projects\Ray_Trace_Engine\Ray_Trace_Engine\CMakeFiles\7e257bb3c1514eaf5d51ec02d10c4ad6\ssaoBlur.vert.spv.rule">
      <Filter>CMake Rules</Filter>
    </CustomBuild>
    <CustomBuild Include="C:\Users\akral\projects\Ray_Trace_Engine\Ray_Trace_Engine\CMakeFiles\7e257bb3c1514eaf5d51ec02d10c4ad6\ssaoDebug.frag.spv.rule">
      <Filter>CMake Rules</Filter>
    </CustomBuild>
    <CustomBuild Include="C:\Users\akral\projects\Ray_Trace_Engine\Ray_Trace_Engine\CMakeFiles\7e257bb3c1514eaf5d51ec02d10c4ad6\ssaoDebug.vert.spv.rule">
      <Filter>CMake Rules</Filter>
    </CustomBuild>
    <CustomBuild Include="C:\Users\akral\projects\Ray_Trace_Engine\Ray_Trace_Engine\CMakeFiles\7e257bb3c1514eaf5d51ec02d10c4ad6\ssaoDownscaleBlur.frag.spv.rule">
      <Filter>CMake Rules</Filter>
    </CustomBuild>
    <CustomBuild Include="C:\Users\akral\projects\Ray_Trace_Engine\Ray_Trace_Engine\CMakeFiles\7e257bb3c1514eaf5d51ec02d10c4ad6\ssaoDownscaleBlur.vert.spv.rule">
      <Filter>CMake Rules</Filter>
    </CustomBuild>
    <CustomBuild Include="C:\Users\akral\projects\Ray_Trace_Engine\Ray_Trace_Engine\CMakeFiles\7e257bb3c1514eaf5d51ec02d10c4ad6\ssaoGeometry.frag.spv.rule">
      <Filter>CMake Rules</Filter>
    </CustomBuild>
    <CustomBuild Include="C:\Users\akral\projects\Ray_Trace_Engine\Ray_Trace_Engine\CMakeFiles\7e257bb3c1514eaf5d51ec02d10c4ad6\ssaoGeometry.vert.spv.rule">
      <Filter>CMake Rules</Filter>
    </CustomBuild>
    <CustomBuild Include="C:\Users\akral\projects\Ray_Trace_Engine\Ray_Trace_Engine\CMakeFiles\7e257bb3c1514eaf5d51ec02d10c4ad6\ssaoGeometrySphere.frag.spv.rule">
      <Filter>CMake Rules</Filter>
    </CustomBuild>
    <CustomBuild Include="C:\Users\akral\projects\Ray_Trace_Engine\Ray_Trace_Engine\CMakeFiles\7e257bb3c1514eaf5d51ec02d10c4ad6\ssaoSceneColor.frag.spv.rule">
      <Filter>CMake Rules</Filter>
    </CustomBuild>
    <CustomBuild Include="C:\Users\akral\projects\Ray_Trace_Engine\Ray_Trace_Engine\CMakeFiles\7e257bb3c1514eaf5d51ec02d10c4ad6\ssaoSceneColor.vert.spv.rule">
      <Filter>CMake Rules</Filter>
    </CustomBuild>
    <CustomBuild Include="C:\Users\akral\projects\Ray_Trace_Engine\Ray_Trace_Engine\CMakeFiles\7e257bb3c1514eaf5d51ec02d10c4ad6\ssaoSkeletalAnimation.frag.spv.rule">
      <Filter>CMake Rules</Filter>
    </CustomBuild>
    <CustomBuild Include="C:\Users\akral\projects\Ray_Trace_Engine\Ray_Trace_Engine\CMakeFiles\7e257bb3c1514eaf5d51ec02d10c4ad6\ssaoSkeletalAnimation.vert.spv.rule">
      <Filter>CMake Rules</Filter>
    </CustomBuild>
    <CustomBuild Include="C:\Users\akral\projects\Ray_Trace_Engine\Ray_Trace_Engine\CMakeFiles\7e257bb3c1514eaf5d51ec02d10c4ad6\ssaoTanQuadGBuffer.frag.spv.rule">
      <Filter>CMake Rules</Filter>
    </CustomBuild>
    <CustomBuild Include="C:\Users\akral\projects\Ray_Trace_Engine\Ray_Trace_Engine\CMakeFiles\7e257bb3c1514eaf5d51ec02d10c4ad6\ssaoTanQuadGBuffer.vert.spv.rule">
      <Filter>CMake Rules</Filter>
    </CustomBuild>
    <CustomBuild Include="C:\Users\akral\projects\Ray_Trace_Engine\Ray_Trace_Engine\CMakeFiles\7e257bb3c1514eaf5d51ec02d10c4ad6\ssaoUpscaleBlur.frag.spv.rule">
      <Filter>CMake Rules</Filter>
    </CustomBuild>
    <CustomBuild Include="C:\Users\akral\projects\Ray_Trace_Engine\Ray_Trace_Engine\CMakeFiles\7e257bb3c1514eaf5d51ec02d10c4ad6\ssaoUpscaleBlur.vert.spv.rule">
      <Filter>CMake Rules</Filter>
    </CustomBuild>
    <CustomBuild Include="C:\Users\akral\projects\Ray_Trace_Engine\Ray_Trace_Engine\CMakeFiles\7e257bb3c1514eaf5d51ec02d10c4ad6\tfst_anyhit.rahit.spv.rule">
      <Filter>CMake Rules</Filter>
    </CustomBuild>
    <CustomBuild Include="C:\Users\akral\projects\Ray_Trace_Engine\Ray_Trace_Engine\CMakeFiles\7e257bb3c1514eaf5d51ec02d10c4ad6\tfst_closesthit.rchit.spv.rule">
      <Filter>CMake Rules</Filter>
    </CustomBuild>
    <CustomBuild Include="C:\Users\akral\projects\Ray_Trace_Engine\Ray_Trace_Engine\CMakeFiles\7e257bb3c1514eaf5d51ec02d10c4ad6\tfst_miss.rmiss.spv.rule">
      <Filter>CMake Rules</Filter>
    </CustomBuild>
    <CustomBuild Include="C:\Users\akral\projects\Ray_Trace_Engine\Ray_Trace_Engine\CMakeFiles\7e257bb3c1514eaf5d51ec02d10c4ad6\tfst_raygen.rgen.spv.rule">
      <Filter>CMake Rules</Filter>
    </CustomBuild>
    <CustomBuild Include="C:\Users\akral\projects\Ray_Trace_Engine\Ray_Trace_Engine\CMakeFiles\7e257bb3c1514eaf5d51ec02d10c4ad6\tfst_shadow.rmiss.spv.rule">
      <Filter>CMake Rules</Filter>
    </CustomBuild>
    <CustomBuild Include="C:\Users\akral\projects\Ray_Trace_Engine\Ray_Trace_Engine\CMakeFiles\7e257bb3c1514eaf5d51ec02d10c4ad6\upsample.vert.spv.rule">
      <Filter>CMake Rules</Filter>
    </CustomBuild>
    <CustomBuild Include="C:\Users\akral\projects\Ray_Trace_Engine\Ray_Trace_Engine\CMakeFiles\7e257bb3c1514eaf5d51ec02d10c4ad6\upsample0.frag.spv.rule">
      <Filter>CMake Rules</Filter>
    </CustomBuild>
    <CustomBuild Include="C:\Users\akral\projects\Ray_Trace_Engine\Ray_Trace_Engine\CMakeFiles\7e257bb3c1514eaf5d51ec02d10c4ad6\upsample1.frag.spv.rule">
      <Filter>CMake Rules</Filter>
    </CustomBuild>
    <CustomBuild Include="C:\Users\akral\projects\Ray_Trace_Engine\Ray_Trace_Engine\CMakeFiles\7e257bb3c1514eaf5d51ec02d10c4ad6\upsample2.frag.spv.rule">
      <Filter>CMake Rules</Filter>
    </CustomBuild>
    <CustomBuild Include="C:\Users\akral\projects\Ray_Trace_Engine\Ray_Trace_Engine\CMakeFiles\7e257bb3c1514eaf5d51ec02d10c4ad6\upsample3.frag.spv.rule">
      <Filter>CMake Rules</Filter>
    </CustomBuild>
    <CustomBuild Include="C:\Users\akral\projects\Ray_Trace_Engine\Ray_Trace_Engine\CMakeFiles\7e257bb3c1514eaf5d51ec02d10c4ad6\upsample4.frag.spv.rule">
      <Filter>CMake Rules</Filter>
    </CustomBuild>
    <CustomBuild Include="C:\Users\akral\projects\Ray_Trace_Engine\Ray_Trace_Engine\CMakeFiles\7e257bb3c1514eaf5d51ec02d10c4ad6\vnkBloomDownscale0.frag.spv.rule">
      <Filter>CMake Rules</Filter>
    </CustomBuild>
    <CustomBuild Include="C:\Users\akral\projects\Ray_Trace_Engine\Ray_Trace_Engine\CMakeFiles\7e257bb3c1514eaf5d51ec02d10c4ad6\vnkBloomDownscale1.frag.spv.rule">
      <Filter>CMake Rules</Filter>
    </CustomBuild>
    <CustomBuild Include="C:\Users\akral\projects\Ray_Trace_Engine\Ray_Trace_Engine\CMakeFiles\7e257bb3c1514eaf5d51ec02d10c4ad6\vnkBloomDownscale2.frag.spv.rule">
      <Filter>CMake Rules</Filter>
    </CustomBuild>
    <CustomBuild Include="C:\Users\akral\projects\Ray_Trace_Engine\Ray_Trace_Engine\CMakeFiles\7e257bb3c1514eaf5d51ec02d10c4ad6\vnkBloomDownscale3.frag.spv.rule">
      <Filter>CMake Rules</Filter>
    </CustomBuild>
    <CustomBuild Include="C:\Users\akral\projects\Ray_Trace_Engine\Ray_Trace_Engine\CMakeFiles\7e257bb3c1514eaf5d51ec02d10c4ad6\vnkBloomDownscale4.frag.spv.rule">
      <Filter>CMake Rules</Filter>
    </CustomBuild>
    <CustomBuild Include="C:\Users\akral\projects\Ray_Trace_Engine\Ray_Trace_Engine\CMakeFiles\7e257bb3c1514eaf5d51ec02d10c4ad6\vnkBloomThreshold.frag.spv.rule">
      <Filter>CMake Rules</Filter>
    </CustomBuild>
    <CustomBuild Include="C:\Users\akral\projects\Ray_Trace_Engine\Ray_Trace_Engine\CMakeFiles\7e257bb3c1514eaf5d51ec02d10c4ad6\vnkBloomUpscale0.frag.spv.rule">
      <Filter>CMake Rules</Filter>
    </CustomBuild>
    <CustomBuild Include="C:\Users\akral\projects\Ray_Trace_Engine\Ray_Trace_Engine\CMakeFiles\7e257bb3c1514eaf5d51ec02d10c4ad6\vnkBloomUpscale1.frag.spv.rule">
      <Filter>CMake Rules</Filter>
    </CustomBuild>
    <CustomBuild Include="C:\Users\akral\projects\Ray_Trace_Engine\Ray_Trace_Engine\CMakeFiles\7e257bb3c1514eaf5d51ec02d10c4ad6\vnkBloomUpscale2.frag.spv.rule">
      <Filter>CMake Rules</Filter>
    </CustomBuild>
    <CustomBuild Include="C:\Users\akral\projects\Ray_Trace_Engine\Ray_Trace_Engine\CMakeFiles\7e257bb3c1514eaf5d51ec02d10c4ad6\vnkBloomUpscale3.frag.spv.rule">
      <Filter>CMake Rules</Filter>
    </CustomBuild>
    <CustomBuild Include="C:\Users\akral\projects\Ray_Trace_Engine\Ray_Trace_Engine\CMakeFiles\7e257bb3c1514eaf5d51ec02d10c4ad6\vnkBloomUpscale4.frag.spv.rule">
      <Filter>CMake Rules</Filter>
    </CustomBuild>
    <CustomBuild Include="C:\Users\akral\projects\Ray_Trace_Engine\Ray_Trace_Engine\CMakeFiles\7e257bb3c1514eaf5d51ec02d10c4ad6\vnkComputeParticle.comp.spv.rule">
      <Filter>CMake Rules</Filter>
    </CustomBuild>
    <CustomBuild Include="C:\Users\akral\projects\Ray_Trace_Engine\Ray_Trace_Engine\CMakeFiles\7e257bb3c1514eaf5d51ec02d10c4ad6\vnkDynamicSurface.frag.spv.rule">
      <Filter>CMake Rules</Filter>
    </CustomBuild>
    <CustomBuild Include="C:\Users\akral\projects\Ray_Trace_Engine\Ray_Trace_Engine\CMakeFiles\7e257bb3c1514eaf5d51ec02d10c4ad6\vnkDynamicSurface.vert.spv.rule">
      <Filter>CMake Rules</Filter>
    </CustomBuild>
    <CustomBuild Include="C:\Users\akral\projects\Ray_Trace_Engine\Ray_Trace_Engine\CMakeFiles\7e257bb3c1514eaf5d51ec02d10c4ad6\vnkGraphicsParticle.frag.spv.rule">
      <Filter>CMake Rules</Filter>
    </CustomBuild>
    <CustomBuild Include="C:\Users\akral\projects\Ray_Trace_Engine\Ray_Trace_Engine\CMakeFiles\7e257bb3c1514eaf5d51ec02d10c4ad6\vnkGraphicsParticle.vert.spv.rule">
      <Filter>CMake Rules</Filter>
    </CustomBuild>
    <CustomBuild Include="C:\Users\akral\projects\Ray_Trace_Engine\Ray_Trace_Engine\CMakeFiles\7e257bb3c1514eaf5d51ec02d10c4ad6\vnkSSAOCompilation.frag.spv.rule">
      <Filter>CMake Rules</Filter>
    </CustomBuild>
    <CustomBuild Include="C:\Users\akral\projects\Ray_Trace_Engine\Ray_Trace_Engine\CMakeFiles\7e257bb3c1514eaf5d51ec02d10c4ad6\vnkSSAOCompilation.vert.spv.rule">
      <Filter>CMake Rules</Filter>
    </CustomBuild>
    <CustomBuild Include="C:\Users\akral\projects\Ray_Trace_Engine\Ray_Trace_Engine\CMakeFiles\7e257bb3c1514eaf5d51ec02d10c4ad6\vnkSSAOGBuffer.frag.spv.rule">
      <Filter>CMake Rules</Filter>
    </CustomBuild>
    <CustomBuild Include="C:\Users\akral\projects\Ray_Trace_Engine\Ray_Trace_Engine\CMakeFiles\7e257bb3c1514eaf5d51ec02d10c4ad6\vnkSSAOGBuffer.vert.spv.rule">
      <Filter>CMake Rules</Filter>
    </CustomBuild>
    <CustomBuild Include="C:\Users\akral\projects\Ray_Trace_Engine\Ray_Trace_Engine\CMakeFiles\7e257bb3c1514eaf5d51ec02d10c4ad6\vnkSSAOPass.frag.spv.rule">
      <Filter>CMake Rules</Filter>
    </CustomBuild>
    <CustomBuild Include="C:\Users\akral\projects\Ray_Trace_Engine\Ray_Trace_Engine\CMakeFiles\7e257bb3c1514eaf5d51ec02d10c4ad6\vnkSSAOPass.vert.spv.rule">
      <Filter>CMake Rules</Filter>
    </CustomBuild>
    <CustomBuild Include="C:\Users\akral\projects\Ray_Trace_Engine\Ray_Trace_Engine\CMakeFiles\7e257bb3c1514eaf5d51ec02d10c4ad6\vnkUpscaleBlur.frag.spv.rule">
      <Filter>CMake Rules</Filter>
    </CustomBuild>
    <CustomBuild Include="C:\Users\akral\projects\Ray_Trace_Engine\Ray_Trace_Engine\CMakeFiles\7e257bb3c1514eaf5d51ec02d10c4ad6\vnkUpscaleBlur.vert.spv.rule">
      <Filter>CMake Rules</Filter>
    </CustomBuild>
    <CustomBuild Include="C:\Users\akral\projects\Ray_Trace_Engine\Ray_Trace_Engine\CMakeFiles\7e257bb3c1514eaf5d51ec02d10c4ad6\vnkssaoDownscaleBlur.frag.spv.rule">
      <Filter>CMake Rules</Filter>
    </CustomBuild>
    <CustomBuild Include="C:\Users\akral\projects\Ray_Trace_Engine\Ray_Trace_Engine\CMakeFiles\7e257bb3c1514eaf5d51ec02d10c4ad6\vnkssaoDownscaleBlur.vert.spv.rule">
      <Filter>CMake Rules</Filter>
    </CustomBuild>
    <CustomBuild Include="C:\Users\akral\projects\Ray_Trace_Engine\Ray_Trace_Engine\CMakeFiles\e0e1983653925fe65148c840415a20e9\shaders.rule">
      <Filter>CMake Rules</Filter>
    </CustomBuild>
    <CustomBuild Include="C:\Users\akral\projects\Ray_Trace_Engine\Ray_Trace_Engine\CMakeLists.txt" />
  </ItemGroup>
  <ItemGroup>
    <None Include="C:\Users\akral\projects\Ray_Trace_Engine\Ray_Trace_Engine\CMakeFiles\shaders" />
  </ItemGroup>
  <ItemGroup>
    <Filter Include="CMake Rules">
      <UniqueIdentifier>{78A3EDD4-85B4-34EC-ACD0-2E18A9500ECB}</UniqueIdentifier>
    </Filter>
  </ItemGroup>
</Project>
